
Microsoft Visual Studio Solution File, Format Version 12.00
# Visual Studio Version 16
VisualStudioVersion = 16.0.31321.278
MinimumVisualStudioVersion = 10.0.40219.1
Project("{FAE04EC0-301F-11D3-BF4B-00C04F79EFBC}") = "SalesWebMvc", "SalesWebMvc\SalesWebMvc.csproj", "{E76862C6-D512-403A-9572-12244508835F}"
EndProject
Global
	GlobalSection(SolutionConfigurationPlatforms) = preSolution
		Debug|Any CPU = Debug|Any CPU
		Release|Any CPU = Release|Any CPU
	EndGlobalSection
	GlobalSection(ProjectConfigurationPlatforms) = postSolution
		{E76862C6-D512-403A-9572-12244508835F}.Debug|Any CPU.ActiveCfg = Debug|Any CPU
		{E76862C6-D512-403A-9572-12244508835F}.Debug|Any CPU.Build.0 = Debug|Any CPU
		{E76862C6-D512-403A-9572-12244508835F}.Release|Any CPU.ActiveCfg = Release|Any CPU
		{E76862C6-D512-403A-9572-12244508835F}.Release|Any CPU.Build.0 = Release|Any CPU
	EndGlobalSection
	GlobalSection(SolutionProperties) = preSolution
		HideSolutionNode = FALSE
	EndGlobalSection
	GlobalSection(ExtensibilityGlobals) = postSolution
		SolutionGuid = {2E426B43-AC60-496D-A7F5-8FBDAFEA7E96}
	EndGlobalSection
EndGlobal
